
Microsoft Visual Studio Solution File, Format Version 12.00
# Visual Studio 15
VisualStudioVersion = 15.0.28307.1000
MinimumVisualStudioVersion = 10.0.40219.1
Project("{FAE04EC0-301F-11D3-BF4B-00C04F79EFBC}") = "ConsoleApp1", "ConsoleApp1\ConsoleApp1.csproj", "{9CC54F0A-3872-49E5-91B7-1B9EE09CF5EB}"
EndProject
Project("{FAE04EC0-301F-11D3-BF4B-00C04F79EFBC}") = "ConsoleApp2", "ConsoleApp2\ConsoleApp2.csproj", "{9B2532C0-4C7B-432A-8B35-719D9B09A733}"
EndProject
Project("{FAE04EC0-301F-11D3-BF4B-00C04F79EFBC}") = "switchdemo", "switchdemo\switchdemo.csproj", "{9A0E2F3A-2C86-4210-807F-D01DB3303C20}"
EndProject
Project("{FAE04EC0-301F-11D3-BF4B-00C04F79EFBC}") = "vong_lap", "vong_lap\vong_lap.csproj", "{7B2B8CFC-F1D6-4A50-A5B0-B29EBD90FD64}"
EndProject
Global
	GlobalSection(SolutionConfigurationPlatforms) = preSolution
		Debug|Any CPU = Debug|Any CPU
		Release|Any CPU = Release|Any CPU
	EndGlobalSection
	GlobalSection(ProjectConfigurationPlatforms) = postSolution
		{9CC54F0A-3872-49E5-91B7-1B9EE09CF5EB}.Debug|Any CPU.ActiveCfg = Debug|Any CPU
		{9CC54F0A-3872-49E5-91B7-1B9EE09CF5EB}.Debug|Any CPU.Build.0 = Debug|Any CPU
		{9CC54F0A-3872-49E5-91B7-1B9EE09CF5EB}.Release|Any CPU.ActiveCfg = Release|Any CPU
		{9CC54F0A-3872-49E5-91B7-1B9EE09CF5EB}.Release|Any CPU.Build.0 = Release|Any CPU
		{9B2532C0-4C7B-432A-8B35-719D9B09A733}.Debug|Any CPU.ActiveCfg = Debug|Any CPU
		{9B2532C0-4C7B-432A-8B35-719D9B09A733}.Debug|Any CPU.Build.0 = Debug|Any CPU
		{9B2532C0-4C7B-432A-8B35-719D9B09A733}.Release|Any CPU.ActiveCfg = Release|Any CPU
		{9B2532C0-4C7B-432A-8B35-719D9B09A733}.Release|Any CPU.Build.0 = Release|Any CPU
		{9A0E2F3A-2C86-4210-807F-D01DB3303C20}.Debug|Any CPU.ActiveCfg = Debug|Any CPU
		{9A0E2F3A-2C86-4210-807F-D01DB3303C20}.Debug|Any CPU.Build.0 = Debug|Any CPU
		{9A0E2F3A-2C86-4210-807F-D01DB3303C20}.Release|Any CPU.ActiveCfg = Release|Any CPU
		{9A0E2F3A-2C86-4210-807F-D01DB3303C20}.Release|Any CPU.Build.0 = Release|Any CPU
		{7B2B8CFC-F1D6-4A50-A5B0-B29EBD90FD64}.Debug|Any CPU.ActiveCfg = Debug|Any CPU
		{7B2B8CFC-F1D6-4A50-A5B0-B29EBD90FD64}.Debug|Any CPU.Build.0 = Debug|Any CPU
		{7B2B8CFC-F1D6-4A50-A5B0-B29EBD90FD64}.Release|Any CPU.ActiveCfg = Release|Any CPU
		{7B2B8CFC-F1D6-4A50-A5B0-B29EBD90FD64}.Release|Any CPU.Build.0 = Release|Any CPU
	EndGlobalSection
	GlobalSection(SolutionProperties) = preSolution
		HideSolutionNode = FALSE
	EndGlobalSection
	GlobalSection(ExtensibilityGlobals) = postSolution
		SolutionGuid = {7F65CBED-A2AF-4CDE-801F-0BF87EEEFA63}
	EndGlobalSection
EndGlobal
